
Microsoft Visual Studio Solution File, Format Version 12.00
Project("{FAE04EC0-301F-11D3-BF4B-00C04F79EFBC}") = "Sample.Web.Integration.Webpp", "src\Sample.Web.Integration.Webpp\Sample.Web.Integration.Webpp.csproj", "{BBB0E4CF-1653-4D8B-9672-7BDAD09D4E1B}"
EndProject
Project("{FAE04EC0-301F-11D3-BF4B-00C04F79EFBC}") = "Sample.Web.Integration.Test", "src\Sample.Web.Integration.Test\Sample.Web.Integration.Test.csproj", "{26956FA0-E252-4A06-B2DE-5AA1E508D98F}"
EndProject
Global
	GlobalSection(SolutionConfigurationPlatforms) = preSolution
		Debug|Any CPU = Debug|Any CPU
		Release|Any CPU = Release|Any CPU
	EndGlobalSection
	GlobalSection(ProjectConfigurationPlatforms) = postSolution
		{BBB0E4CF-1653-4D8B-9672-7BDAD09D4E1B}.Debug|Any CPU.ActiveCfg = Debug|Any CPU
		{BBB0E4CF-1653-4D8B-9672-7BDAD09D4E1B}.Debug|Any CPU.Build.0 = Debug|Any CPU
		{BBB0E4CF-1653-4D8B-9672-7BDAD09D4E1B}.Release|Any CPU.ActiveCfg = Release|Any CPU
		{BBB0E4CF-1653-4D8B-9672-7BDAD09D4E1B}.Release|Any CPU.Build.0 = Release|Any CPU
		{26956FA0-E252-4A06-B2DE-5AA1E508D98F}.Debug|Any CPU.ActiveCfg = Debug|Any CPU
		{26956FA0-E252-4A06-B2DE-5AA1E508D98F}.Debug|Any CPU.Build.0 = Debug|Any CPU
		{26956FA0-E252-4A06-B2DE-5AA1E508D98F}.Release|Any CPU.ActiveCfg = Release|Any CPU
		{26956FA0-E252-4A06-B2DE-5AA1E508D98F}.Release|Any CPU.Build.0 = Release|Any CPU
	EndGlobalSection
EndGlobal
